<?xml version="1.0" encoding="UTF-8" standalone="yes" ?>
<CodeBlocks_project_file>
	<FileVersion major="1" minor="6" />
	<Project>
		<Option title="Total Destruction" />
		<Option makefile_is_custom="1" />
		<Option execution_dir="/home/psa/Projects/td/build" />
		<Option pch_mode="2" />
		<Option compiler="gcc" />
		<MakeCommands>
			<Build command="$make -j4 -f $makefile" />
			<CompileFile command="$make -j4 -f $makefile $file" />
			<Clean command="$make -f $makefile clean" />
			<DistClean command="$make -f $makefile distclean$target" />
			<AskRebuildNeeded command="$make -q -j4 -f $makefile" />
			<SilentBuild command="$make -s -j4 -f $makefile" />
		</MakeCommands>
		<Build>
			<Target title="Debug">
				<Option output="build/local/games/td" prefix_auto="1" extension_auto="1" />
				<Option object_output="build/cb/obj/" />
				<Option type="1" />
				<Option compiler="gcc" />
				<Compiler>
					<Add option="-g" />
				</Compiler>
				<ExtraCommands>
					<Add before="cmake -DCMAKE_INSTALL_PREFIX=./local ../" />
					<Mode after="always" />
				</ExtraCommands>
				<MakeCommands>
					<Build command="" />
					<CompileFile command="" />
					<Clean command="" />
					<DistClean command="$make -f $makefile distclean$target" />
					<AskRebuildNeeded command="" />
					<SilentBuild command="" />
				</MakeCommands>
			</Target>
			<Target title="Release">
				<Option output="build/local/games/td" prefix_auto="1" extension_auto="1" />
				<Option type="1" />
				<Option compiler="gcc" />
				<ExtraCommands>
					<Add before="cmake -DCMAKE_BUILD_TYPE=Release -DCMAKE_INSTALL_PREFIX=./local ../" />
					<Mode after="always" />
				</ExtraCommands>
				<MakeCommands>
					<Build command="" />
					<CompileFile command="" />
					<Clean command="" />
					<DistClean command="$make -f $makefile distclean$target" />
					<AskRebuildNeeded command="" />
					<SilentBuild command="" />
				</MakeCommands>
			</Target>
		</Build>
		<Compiler>
			<Add option="-Wall" />
		</Compiler>
		<ExtraCommands>
			<Add after="make -f $makefile install" />
			<Mode after="always" />
		</ExtraCommands>
		<Unit filename="build/config/config.h" />
		<Unit filename="lib/btogre/BtOgre.cpp" />
		<Unit filename="lib/btogre/BtOgreExtras.h" />
		<Unit filename="lib/btogre/BtOgreGP.h" />
		<Unit filename="lib/btogre/BtOgrePG.h" />
		<Unit filename="lib/pugixml/foreach.hpp" />
		<Unit filename="lib/pugixml/pugiconfig.hpp" />
		<Unit filename="lib/pugixml/pugixml.cpp" />
		<Unit filename="lib/pugixml/pugixml.hpp" />
		<Unit filename="src/CControl.cpp" />
		<Unit filename="src/CControl.h" />
		<Unit filename="src/CControlled.cpp" />
		<Unit filename="src/CControlled.h" />
		<Unit filename="src/CData.cpp" />
		<Unit filename="src/CData.h" />
		<Unit filename="src/CGame.cpp" />
		<Unit filename="src/CGame.h" />
		<Unit filename="src/CGravityField.cpp" />
		<Unit filename="src/CGravityField.h" />
		<Unit filename="src/CInputEvent.cpp" />
		<Unit filename="src/CInputEvent.h" />
		<Unit filename="src/CInputHandler.cpp" />
		<Unit filename="src/CInputHandler.h" />
		<Unit filename="src/CMove.cpp" />
		<Unit filename="src/CMove.h" />
		<Unit filename="src/CObject.cpp" />
		<Unit filename="src/CObject.h" />
		<Unit filename="src/CObjectCube.cpp" />
		<Unit filename="src/CObjectCube.h" />
		<Unit filename="src/CObjectKernel.cpp" />
		<Unit filename="src/CObjectKernel.h" />
		<Unit filename="src/CObjectWorld.cpp" />
		<Unit filename="src/CObjectWorld.h" />
		<Unit filename="src/CUser.cpp" />
		<Unit filename="src/CUser.h" />
		<Unit filename="src/main.cpp" />
		<Unit filename="src/main.h" />
		<Extensions>
			<envvars />
			<code_completion />
			<AutoVersioning>
				<Scheme minor_max="10" build_max="0" rev_max="0" rev_rand_max="10" build_times_to_increment_minor="100" />
				<Settings autoincrement="1" date_declarations="1" do_auto_increment="0" ask_to_increment="0" language="C++" svn="0" svn_directory="" header_path="version.h" />
				<Changes_Log show_changes_editor="0" app_title="released version %M.%m.%b of %p" changeslog_path="ChangesLog.txt" />
				<Code header_guard="VERSION_H" namespace="AutoVersion" prefix="" />
			</AutoVersioning>
			<debugger />
			<lib_finder disable_auto="1" />
		</Extensions>
	</Project>
</CodeBlocks_project_file>
